
Microsoft Visual Studio Solution File, Format Version 12.00
# Visual Studio Version 17
VisualStudioVersion = 17.6.33723.286
MinimumVisualStudioVersion = 10.0.40219.1
Project("{FAE04EC0-301F-11D3-BF4B-00C04F79EFBC}") = "proyectoAgencia", "proyectoAgencia\proyectoAgencia.csproj", "{5710C9CD-5B30-4161-A683-74B6FD9535DE}"
EndProject
Global
	GlobalSection(SolutionConfigurationPlatforms) = preSolution
		Debug|Any CPU = Debug|Any CPU
		Release|Any CPU = Release|Any CPU
	EndGlobalSection
	GlobalSection(ProjectConfigurationPlatforms) = postSolution
		{5710C9CD-5B30-4161-A683-74B6FD9535DE}.Debug|Any CPU.ActiveCfg = Debug|Any CPU
		{5710C9CD-5B30-4161-A683-74B6FD9535DE}.Debug|Any CPU.Build.0 = Debug|Any CPU
		{5710C9CD-5B30-4161-A683-74B6FD9535DE}.Release|Any CPU.ActiveCfg = Release|Any CPU
		{5710C9CD-5B30-4161-A683-74B6FD9535DE}.Release|Any CPU.Build.0 = Release|Any CPU
	EndGlobalSection
	GlobalSection(SolutionProperties) = preSolution
		HideSolutionNode = FALSE
	EndGlobalSection
	GlobalSection(ExtensibilityGlobals) = postSolution
		SolutionGuid = {A0B1C814-63EF-4B4B-913D-E2B1DF0D9DF0}
	EndGlobalSection
EndGlobal
